
Microsoft Visual Studio Solution File, Format Version 11.00
# Visual C# Express 2010
Project("{FAE04EC0-301F-11D3-BF4B-00C04F79EFBC}") = "Consultorio", "MySQLForm\Consultorio.csproj", "{B456C6F6-7325-4760-B76D-02F753B625A1}"
EndProject
Global
	GlobalSection(SolutionConfigurationPlatforms) = preSolution
		Debug|x86 = Debug|x86
		Release|x86 = Release|x86
	EndGlobalSection
	GlobalSection(ProjectConfigurationPlatforms) = postSolution
		{B456C6F6-7325-4760-B76D-02F753B625A1}.Debug|x86.ActiveCfg = Debug|x86
		{B456C6F6-7325-4760-B76D-02F753B625A1}.Debug|x86.Build.0 = Debug|x86
		{B456C6F6-7325-4760-B76D-02F753B625A1}.Release|x86.ActiveCfg = Release|x86
		{B456C6F6-7325-4760-B76D-02F753B625A1}.Release|x86.Build.0 = Release|x86
	EndGlobalSection
	GlobalSection(SolutionProperties) = preSolution
		HideSolutionNode = FALSE
	EndGlobalSection
EndGlobal
